// !$*UTF8*$!
{
	archiveVersion = 1;
	classes = {
	};
	objectVersion = 56;
	objects = {

/* Begin PBXBuildFile section */
		4F911B5C2C5C02CC00EB7C7B /* SetGameApp.swift in Sources */ = {isa = PBXBuildFile; fileRef = 4F911B5B2C5C02CC00EB7C7B /* SetGameApp.swift */; };
		4F911B5E2C5C02CC00EB7C7B /* CardView.swift in Sources */ = {isa = PBXBuildFile; fileRef = 4F911B5D2C5C02CC00EB7C7B /* CardView.swift */; };
		4F911B602C5C02CD00EB7C7B /* Assets.xcassets in Resources */ = {isa = PBXBuildFile; fileRef = 4F911B5F2C5C02CD00EB7C7B /* Assets.xcassets */; };
		4F911B632C5C02CD00EB7C7B /* Preview Assets.xcassets in Resources */ = {isa = PBXBuildFile; fileRef = 4F911B622C5C02CD00EB7C7B /* Preview Assets.xcassets */; };
		4F911B6D2C5C02CE00EB7C7B /* SetGameTests.swift in Sources */ = {isa = PBXBuildFile; fileRef = 4F911B6C2C5C02CE00EB7C7B /* SetGameTests.swift */; };
		4F911B772C5C02CE00EB7C7B /* SetGameUITests.swift in Sources */ = {isa = PBXBuildFile; fileRef = 4F911B762C5C02CE00EB7C7B /* SetGameUITests.swift */; };
		4F911B792C5C02CE00EB7C7B /* SetGameUITestsLaunchTests.swift in Sources */ = {isa = PBXBuildFile; fileRef = 4F911B782C5C02CE00EB7C7B /* SetGameUITestsLaunchTests.swift */; };
		4F911B862C5C05DB00EB7C7B /* Card.swift in Sources */ = {isa = PBXBuildFile; fileRef = 4F911B852C5C05DB00EB7C7B /* Card.swift */; };
		4F911B882C5C10BB00EB7C7B /* AspectVGrid.swift in Sources */ = {isa = PBXBuildFile; fileRef = 4F911B872C5C10BB00EB7C7B /* AspectVGrid.swift */; };
/* End PBXBuildFile section */

/* Begin PBXContainerItemProxy section */
		4F911B692C5C02CE00EB7C7B /* PBXContainerItemProxy */ = {
			isa = PBXContainerItemProxy;
			containerPortal = 4F911B502C5C02CC00EB7C7B /* Project object */;
			proxyType = 1;
			remoteGlobalIDString = 4F911B572C5C02CC00EB7C7B;
			remoteInfo = SetGame;
		};
		4F911B732C5C02CE00EB7C7B /* PBXContainerItemProxy */ = {
			isa = PBXContainerItemProxy;
			containerPortal = 4F911B502C5C02CC00EB7C7B /* Project object */;
			proxyType = 1;
			remoteGlobalIDString = 4F911B572C5C02CC00EB7C7B;
			remoteInfo = SetGame;
		};
/* End PBXContainerItemProxy section */

/* Begin PBXFileReference section */
		4F911B582C5C02CC00EB7C7B /* SetGame.app */ = {isa = PBXFileReference; explicitFileType = wrapper.application; includeInIndex = 0; path = SetGame.app; sourceTree = BUILT_PRODUCTS_DIR; };
		4F911B5B2C5C02CC00EB7C7B /* SetGameApp.swift */ = {isa = PBXFileReference; lastKnownFileType = sourcecode.swift; path = SetGameApp.swift; sourceTree = "<group>"; };
		4F911B5D2C5C02CC00EB7C7B /* CardView.swift */ = {isa = PBXFileReference; lastKnownFileType = sourcecode.swift; path = CardView.swift; sourceTree = "<group>"; };
		4F911B5F2C5C02CD00EB7C7B /* Assets.xcassets */ = {isa = PBXFileReference; lastKnownFileType = folder.assetcatalog; path = Assets.xcassets; sourceTree = "<group>"; };
		4F911B622C5C02CD00EB7C7B /* Preview Assets.xcassets */ = {isa = PBXFileReference; lastKnownFileType = folder.assetcatalog; path = "Preview Assets.xcassets"; sourceTree = "<group>"; };
		4F911B682C5C02CE00EB7C7B /* SetGameTests.xctest */ = {isa = PBXFileReference; explicitFileType = wrapper.cfbundle; includeInIndex = 0; path = SetGameTests.xctest; sourceTree = BUILT_PRODUCTS_DIR; };
		4F911B6C2C5C02CE00EB7C7B /* SetGameTests.swift */ = {isa = PBXFileReference; lastKnownFileType = sourcecode.swift; path = SetGameTests.swift; sourceTree = "<group>"; };
		4F911B722C5C02CE00EB7C7B /* SetGameUITests.xctest */ = {isa = PBXFileReference; explicitFileType = wrapper.cfbundle; includeInIndex = 0; path = SetGameUITests.xctest; sourceTree = BUILT_PRODUCTS_DIR; };
		4F911B762C5C02CE00EB7C7B /* SetGameUITests.swift */ = {isa = PBXFileReference; lastKnownFileType = sourcecode.swift; path = SetGameUITests.swift; sourceTree = "<group>"; };
		4F911B782C5C02CE00EB7C7B /* SetGameUITestsLaunchTests.swift */ = {isa = PBXFileReference; lastKnownFileType = sourcecode.swift; path = SetGameUITestsLaunchTests.swift; sourceTree = "<group>"; };
		4F911B852C5C05DB00EB7C7B /* Card.swift */ = {isa = PBXFileReference; lastKnownFileType = sourcecode.swift; path = Card.swift; sourceTree = "<group>"; };
		4F911B872C5C10BB00EB7C7B /* AspectVGrid.swift */ = {isa = PBXFileReference; lastKnownFileType = sourcecode.swift; path = AspectVGrid.swift; sourceTree = "<group>"; };
/* End PBXFileReference section */

/* Begin PBXFrameworksBuildPhase section */
		4F911B552C5C02CC00EB7C7B /* Frameworks */ = {
			isa = PBXFrameworksBuildPhase;
			buildActionMask = 2147483647;
			files = (
			);
			runOnlyForDeploymentPostprocessing = 0;
		};
		4F911B652C5C02CE00EB7C7B /* Frameworks */ = {
			isa = PBXFrameworksBuildPhase;
			buildActionMask = 2147483647;
			files = (
			);
			runOnlyForDeploymentPostprocessing = 0;
		};
		4F911B6F2C5C02CE00EB7C7B /* Frameworks */ = {
			isa = PBXFrameworksBuildPhase;
			buildActionMask = 2147483647;
			files = (
			);
			runOnlyForDeploymentPostprocessing = 0;
		};
/* End PBXFrameworksBuildPhase section */

/* Begin PBXGroup section */
		4F911B4F2C5C02CC00EB7C7B = {
			isa = PBXGroup;
			children = (
				4F911B5A2C5C02CC00EB7C7B /* SetGame */,
				4F911B6B2C5C02CE00EB7C7B /* SetGameTests */,
				4F911B752C5C02CE00EB7C7B /* SetGameUITests */,
				4F911B592C5C02CC00EB7C7B /* Products */,
			);
			sourceTree = "<group>";
		};
		4F911B592C5C02CC00EB7C7B /* Products */ = {
			isa = PBXGroup;
			children = (
				4F911B582C5C02CC00EB7C7B /* SetGame.app */,
				4F911B682C5C02CE00EB7C7B /* SetGameTests.xctest */,
				4F911B722C5C02CE00EB7C7B /* SetGameUITests.xctest */,
			);
			name = Products;
			sourceTree = "<group>";
		};
		4F911B5A2C5C02CC00EB7C7B /* SetGame */ = {
			isa = PBXGroup;
			children = (
				4F911B5B2C5C02CC00EB7C7B /* SetGameApp.swift */,
				4F911B5D2C5C02CC00EB7C7B /* CardView.swift */,
				4F911B852C5C05DB00EB7C7B /* Card.swift */,
				4F911B872C5C10BB00EB7C7B /* AspectVGrid.swift */,
				4F911B5F2C5C02CD00EB7C7B /* Assets.xcassets */,
				4F911B612C5C02CD00EB7C7B /* Preview Content */,
			);
			path = SetGame;
			sourceTree = "<group>";
		};
		4F911B612C5C02CD00EB7C7B /* Preview Content */ = {
			isa = PBXGroup;
			children = (
				4F911B622C5C02CD00EB7C7B /* Preview Assets.xcassets */,
			);
			path = "Preview Content";
			sourceTree = "<group>";
		};
		4F911B6B2C5C02CE00EB7C7B /* SetGameTests */ = {
			isa = PBXGroup;
			children = (
				4F911B6C2C5C02CE00EB7C7B /* SetGameTests.swift */,
			);
			path = SetGameTests;
			sourceTree = "<group>";
		};
		4F911B752C5C02CE00EB7C7B /* SetGameUITests */ = {
			isa = PBXGroup;
			children = (
				4F911B762C5C02CE00EB7C7B /* SetGameUITests.swift */,
				4F911B782C5C02CE00EB7C7B /* SetGameUITestsLaunchTests.swift */,
			);
			path = SetGameUITests;
			sourceTree = "<group>";
		};
/* End PBXGroup section */

/* Begin PBXNativeTarget section */
		4F911B572C5C02CC00EB7C7B /* SetGame */ = {
			isa = PBXNativeTarget;
			buildConfigurationList = 4F911B7C2C5C02CE00EB7C7B /* Build configuration list for PBXNativeTarget "SetGame" */;
			buildPhases = (
				4F911B542C5C02CC00EB7C7B /* Sources */,
				4F911B552C5C02CC00EB7C7B /* Frameworks */,
				4F911B562C5C02CC00EB7C7B /* Resources */,
			);
			buildRules = (
			);
			dependencies = (
			);
			name = SetGame;
			productName = SetGame;
			productReference = 4F911B582C5C02CC00EB7C7B /* SetGame.app */;
			productType = "com.apple.product-type.application";
		};
		4F911B672C5C02CE00EB7C7B /* SetGameTests */ = {
			isa = PBXNativeTarget;
			buildConfigurationList = 4F911B7F2C5C02CE00EB7C7B /* Build configuration list for PBXNativeTarget "SetGameTests" */;
			buildPhases = (
				4F911B642C5C02CE00EB7C7B /* Sources */,
				4F911B652C5C02CE00EB7C7B /* Frameworks */,
				4F911B662C5C02CE00EB7C7B /* Resources */,
			);
			buildRules = (
			);
			dependencies = (
				4F911B6A2C5C02CE00EB7C7B /* PBXTargetDependency */,
			);
			name = SetGameTests;
			productName = SetGameTests;
			productReference = 4F911B682C5C02CE00EB7C7B /* SetGameTests.xctest */;
			productType = "com.apple.product-type.bundle.unit-test";
		};
		4F911B712C5C02CE00EB7C7B /* SetGameUITests */ = {
			isa = PBXNativeTarget;
			buildConfigurationList = 4F911B822C5C02CE00EB7C7B /* Build configuration list for PBXNativeTarget "SetGameUITests" */;
			buildPhases = (
				4F911B6E2C5C02CE00EB7C7B /* Sources */,
				4F911B6F2C5C02CE00EB7C7B /* Frameworks */,
				4F911B702C5C02CE00EB7C7B /* Resources */,
			);
			buildRules = (
			);
			dependencies = (
				4F911B742C5C02CE00EB7C7B /* PBXTargetDependency */,
			);
			name = SetGameUITests;
			productName = SetGameUITests;
			productReference = 4F911B722C5C02CE00EB7C7B /* SetGameUITests.xctest */;
			productType = "com.apple.product-type.bundle.ui-testing";
		};
/* End PBXNativeTarget section */

/* Begin PBXProject section */
		4F911B502C5C02CC00EB7C7B /* Project object */ = {
			isa = PBXProject;
			attributes = {
				BuildIndependentTargetsInParallel = 1;
				LastSwiftUpdateCheck = 1540;
				LastUpgradeCheck = 1540;
				TargetAttributes = {
					4F911B572C5C02CC00EB7C7B = {
						CreatedOnToolsVersion = 15.4;
					};
					4F911B672C5C02CE00EB7C7B = {
						CreatedOnToolsVersion = 15.4;
						TestTargetID = 4F911B572C5C02CC00EB7C7B;
					};
					4F911B712C5C02CE00EB7C7B = {
						CreatedOnToolsVersion = 15.4;
						TestTargetID = 4F911B572C5C02CC00EB7C7B;
					};
				};
			};
			buildConfigurationList = 4F911B532C5C02CC00EB7C7B /* Build configuration list for PBXProject "SetGame" */;
			compatibilityVersion = "Xcode 14.0";
			developmentRegion = en;
			hasScannedForEncodings = 0;
			knownRegions = (
				en,
				Base,
			);
			mainGroup = 4F911B4F2C5C02CC00EB7C7B;
			productRefGroup = 4F911B592C5C02CC00EB7C7B /* Products */;
			projectDirPath = "";
			projectRoot = "";
			targets = (
				4F911B572C5C02CC00EB7C7B /* SetGame */,
				4F911B672C5C02CE00EB7C7B /* SetGameTests */,
				4F911B712C5C02CE00EB7C7B /* SetGameUITests */,
			);
		};
/* End PBXProject section */

/* Begin PBXResourcesBuildPhase section */
		4F911B562C5C02CC00EB7C7B /* Resources */ = {
			isa = PBXResourcesBuildPhase;
			buildActionMask = 2147483647;
			files = (
				4F911B632C5C02CD00EB7C7B /* Preview Assets.xcassets in Resources */,
				4F911B602C5C02CD00EB7C7B /* Assets.xcassets in Resources */,
			);
			runOnlyForDeploymentPostprocessing = 0;
		};
		4F911B662C5C02CE00EB7C7B /* Resources */ = {
			isa = PBXResourcesBuildPhase;
			buildActionMask = 2147483647;
			files = (
			);
			runOnlyForDeploymentPostprocessing = 0;
		};
		4F911B702C5C02CE00EB7C7B /* Resources */ = {
			isa = PBXResourcesBuildPhase;
			buildActionMask = 2147483647;
			files = (
			);
			runOnlyForDeploymentPostprocessing = 0;
		};
/* End PBXResourcesBuildPhase section */

/* Begin PBXSourcesBuildPhase section */
		4F911B542C5C02CC00EB7C7B /* Sources */ = {
			isa = PBXSourcesBuildPhase;
			buildActionMask = 2147483647;
			files = (
				4F911B882C5C10BB00EB7C7B /* AspectVGrid.swift in Sources */,
				4F911B862C5C05DB00EB7C7B /* Card.swift in Sources */,
				4F911B5E2C5C02CC00EB7C7B /* CardView.swift in Sources */,
				4F911B5C2C5C02CC00EB7C7B /* SetGameApp.swift in Sources */,
			);
			runOnlyForDeploymentPostprocessing = 0;
		};
		4F911B642C5C02CE00EB7C7B /* Sources */ = {
			isa = PBXSourcesBuildPhase;
			buildActionMask = 2147483647;
			files = (
				4F911B6D2C5C02CE00EB7C7B /* SetGameTests.swift in Sources */,
			);
			runOnlyForDeploymentPostprocessing = 0;
		};
		4F911B6E2C5C02CE00EB7C7B /* Sources */ = {
			isa = PBXSourcesBuildPhase;
			buildActionMask = 2147483647;
			files = (
				4F911B772C5C02CE00EB7C7B /* SetGameUITests.swift in Sources */,
				4F911B792C5C02CE00EB7C7B /* SetGameUITestsLaunchTests.swift in Sources */,
			);
			runOnlyForDeploymentPostprocessing = 0;
		};
/* End PBXSourcesBuildPhase section */

/* Begin PBXTargetDependency section */
		4F911B6A2C5C02CE00EB7C7B /* PBXTargetDependency */ = {
			isa = PBXTargetDependency;
			target = 4F911B572C5C02CC00EB7C7B /* SetGame */;
			targetProxy = 4F911B692C5C02CE00EB7C7B /* PBXContainerItemProxy */;
		};
		4F911B742C5C02CE00EB7C7B /* PBXTargetDependency */ = {
			isa = PBXTargetDependency;
			target = 4F911B572C5C02CC00EB7C7B /* SetGame */;
			targetProxy = 4F911B732C5C02CE00EB7C7B /* PBXContainerItemProxy */;
		};
/* End PBXTargetDependency section */

/* Begin XCBuildConfiguration section */
		4F911B7A2C5C02CE00EB7C7B /* Debug */ = {
			isa = XCBuildConfiguration;
			buildSettings = {
				ALWAYS_SEARCH_USER_PATHS = NO;
				ASSETCATALOG_COMPILER_GENERATE_SWIFT_ASSET_SYMBOL_EXTENSIONS = YES;
				CLANG_ANALYZER_NONNULL = YES;
				CLANG_ANALYZER_NUMBER_OBJECT_CONVERSION = YES_AGGRESSIVE;
				CLANG_CXX_LANGUAGE_STANDARD = "gnu++20";
				CLANG_ENABLE_MODULES = YES;
				CLANG_ENABLE_OBJC_ARC = YES;
				CLANG_ENABLE_OBJC_WEAK = YES;
				CLANG_WARN_BLOCK_CAPTURE_AUTORELEASING = YES;
				CLANG_WARN_BOOL_CONVERSION = YES;
				CLANG_WARN_COMMA = YES;
				CLANG_WARN_CONSTANT_CONVERSION = YES;
				CLANG_WARN_DEPRECATED_OBJC_IMPLEMENTATIONS = YES;
				CLANG_WARN_DIRECT_OBJC_ISA_USAGE = YES_ERROR;
				CLANG_WARN_DOCUMENTATION_COMMENTS = YES;
				CLANG_WARN_EMPTY_BODY = YES;
				CLANG_WARN_ENUM_CONVERSION = YES;
				CLANG_WARN_INFINITE_RECURSION = YES;
				CLANG_WARN_INT_CONVERSION = YES;
				CLANG_WARN_NON_LITERAL_NULL_CONVERSION = YES;
				CLANG_WARN_OBJC_IMPLICIT_RETAIN_SELF = YES;
				CLANG_WARN_OBJC_LITERAL_CONVERSION = YES;
				CLANG_WARN_OBJC_ROOT_CLASS = YES_ERROR;
				CLANG_WARN_QUOTED_INCLUDE_IN_FRAMEWORK_HEADER = YES;
				CLANG_WARN_RANGE_LOOP_ANALYSIS = YES;
				CLANG_WARN_STRICT_PROTOTYPES = YES;
				CLANG_WARN_SUSPICIOUS_MOVE = YES;
				CLANG_WARN_UNGUARDED_AVAILABILITY = YES_AGGRESSIVE;
				CLANG_WARN_UNREACHABLE_CODE = YES;
				CLANG_WARN__DUPLICATE_METHOD_MATCH = YES;
				COPY_PHASE_STRIP = NO;
				DEBUG_INFORMATION_FORMAT = dwarf;
				ENABLE_STRICT_OBJC_MSGSEND = YES;
				ENABLE_TESTABILITY = YES;
				ENABLE_USER_SCRIPT_SANDBOXING = YES;
				GCC_C_LANGUAGE_STANDARD = gnu17;
				GCC_DYNAMIC_NO_PIC = NO;
				GCC_NO_COMMON_BLOCKS = YES;
				GCC_OPTIMIZATION_LEVEL = 0;
				GCC_PREPROCESSOR_DEFINITIONS = (
					"DEBUG=1",
					"$(inherited)",
				);
				GCC_WARN_64_TO_32_BIT_CONVERSION = YES;
				GCC_WARN_ABOUT_RETURN_TYPE = YES_ERROR;
				GCC_WARN_UNDECLARED_SELECTOR = YES;
				GCC_WARN_UNINITIALIZED_AUTOS = YES_AGGRESSIVE;
				GCC_WARN_UNUSED_FUNCTION = YES;
				GCC_WARN_UNUSED_VARIABLE = YES;
				IPHONEOS_DEPLOYMENT_TARGET = 17.5;
				LOCALIZATION_PREFERS_STRING_CATALOGS = YES;
				MTL_ENABLE_DEBUG_INFO = INCLUDE_SOURCE;
				MTL_FAST_MATH = YES;
				ONLY_ACTIVE_ARCH = YES;
				SDKROOT = iphoneos;
				SWIFT_ACTIVE_COMPILATION_CONDITIONS = "DEBUG $(inherited)";
				SWIFT_OPTIMIZATION_LEVEL = "-Onone";
			};
			name = Debug;
		};
		4F911B7B2C5C02CE00EB7C7B /* Release */ = {
			isa = XCBuildConfiguration;
			buildSettings = {
				ALWAYS_SEARCH_USER_PATHS = NO;
				ASSETCATALOG_COMPILER_GENERATE_SWIFT_ASSET_SYMBOL_EXTENSIONS = YES;
				CLANG_ANALYZER_NONNULL = YES;
				CLANG_ANALYZER_NUMBER_OBJECT_CONVERSION = YES_AGGRESSIVE;
				CLANG_CXX_LANGUAGE_STANDARD = "gnu++20";
				CLANG_ENABLE_MODULES = YES;
				CLANG_ENABLE_OBJC_ARC = YES;
				CLANG_ENABLE_OBJC_WEAK = YES;
				CLANG_WARN_BLOCK_CAPTURE_AUTORELEASING = YES;
				CLANG_WARN_BOOL_CONVERSION = YES;
				CLANG_WARN_COMMA = YES;
				CLANG_WARN_CONSTANT_CONVERSION = YES;
				CLANG_WARN_DEPRECATED_OBJC_IMPLEMENTATIONS = YES;
				CLANG_WARN_DIRECT_OBJC_ISA_USAGE = YES_ERROR;
				CLANG_WARN_DOCUMENTATION_COMMENTS = YES;
				CLANG_WARN_EMPTY_BODY = YES;
				CLANG_WARN_ENUM_CONVERSION = YES;
				CLANG_WARN_INFINITE_RECURSION = YES;
				CLANG_WARN_INT_CONVERSION = YES;
				CLANG_WARN_NON_LITERAL_NULL_CONVERSION = YES;
				CLANG_WARN_OBJC_IMPLICIT_RETAIN_SELF = YES;
				CLANG_WARN_OBJC_LITERAL_CONVERSION = YES;
				CLANG_WARN_OBJC_ROOT_CLASS = YES_ERROR;
				CLANG_WARN_QUOTED_INCLUDE_IN_FRAMEWORK_HEADER = YES;
				CLANG_WARN_RANGE_LOOP_ANALYSIS = YES;
				CLANG_WARN_STRICT_PROTOTYPES = YES;
				CLANG_WARN_SUSPICIOUS_MOVE = YES;
				CLANG_WARN_UNGUARDED_AVAILABILITY = YES_AGGRESSIVE;
				CLANG_WARN_UNREACHABLE_CODE = YES;
				CLANG_WARN__DUPLICATE_METHOD_MATCH = YES;
				COPY_PHASE_STRIP = NO;
				DEBUG_INFORMATION_FORMAT = "dwarf-with-dsym";
				ENABLE_NS_ASSERTIONS = NO;
				ENABLE_STRICT_OBJC_MSGSEND = YES;
				ENABLE_USER_SCRIPT_SANDBOXING = YES;
				GCC_C_LANGUAGE_STANDARD = gnu17;
				GCC_NO_COMMON_BLOCKS = YES;
				GCC_WARN_64_TO_32_BIT_CONVERSION = YES;
				GCC_WARN_ABOUT_RETURN_TYPE = YES_ERROR;
				GCC_WARN_UNDECLARED_SELECTOR = YES;
				GCC_WARN_UNINITIALIZED_AUTOS = YES_AGGRESSIVE;
				GCC_WARN_UNUSED_FUNCTION = YES;
				GCC_WARN_UNUSED_VARIABLE = YES;
				IPHONEOS_DEPLOYMENT_TARGET = 17.5;
				LOCALIZATION_PREFERS_STRING_CATALOGS = YES;
				MTL_ENABLE_DEBUG_INFO = NO;
				MTL_FAST_MATH = YES;
				SDKROOT = iphoneos;
				SWIFT_COMPILATION_MODE = wholemodule;
				VALIDATE_PRODUCT = YES;
			};
			name = Release;
		};
		4F911B7D2C5C02CE00EB7C7B /* Debug */ = {
			isa = XCBuildConfiguration;
			buildSettings = {
				ASSETCATALOG_COMPILER_APPICON_NAME = AppIcon;
				ASSETCATALOG_COMPILER_GLOBAL_ACCENT_COLOR_NAME = AccentColor;
				CODE_SIGN_STYLE = Automatic;
				CURRENT_PROJECT_VERSION = 1;
				DEVELOPMENT_ASSET_PATHS = "\"SetGame/Preview Content\"";
				DEVELOPMENT_TEAM = V74LCBV34W;
				ENABLE_PREVIEWS = YES;
				GENERATE_INFOPLIST_FILE = YES;
				INFOPLIST_KEY_UIApplicationSceneManifest_Generation = YES;
				INFOPLIST_KEY_UIApplicationSupportsIndirectInputEvents = YES;
				INFOPLIST_KEY_UILaunchScreen_Generation = YES;
				INFOPLIST_KEY_UISupportedInterfaceOrientations_iPad = "UIInterfaceOrientationPortrait UIInterfaceOrientationPortraitUpsideDown UIInterfaceOrientationLandscapeLeft UIInterfaceOrientationLandscapeRight";
				INFOPLIST_KEY_UISupportedInterfaceOrientations_iPhone = "UIInterfaceOrientationPortrait UIInterfaceOrientationLandscapeLeft UIInterfaceOrientationLandscapeRight";
				LD_RUNPATH_SEARCH_PATHS = (
					"$(inherited)",
					"@executable_path/Frameworks",
				);
				MARKETING_VERSION = 1.0;
				PRODUCT_BUNDLE_IDENTIFIER = com.rubngs.SetGame;
				PRODUCT_NAME = "$(TARGET_NAME)";
				SWIFT_EMIT_LOC_STRINGS = YES;
				SWIFT_VERSION = 5.0;
				TARGETED_DEVICE_FAMILY = "1,2";
			};
			name = Debug;
		};
		4F911B7E2C5C02CE00EB7C7B /* Release */ = {
			isa = XCBuildConfiguration;
			buildSettings = {
				ASSETCATALOG_COMPILER_APPICON_NAME = AppIcon;
				ASSETCATALOG_COMPILER_GLOBAL_ACCENT_COLOR_NAME = AccentColor;
				CODE_SIGN_STYLE = Automatic;
				CURRENT_PROJECT_VERSION = 1;
				DEVELOPMENT_ASSET_PATHS = "\"SetGame/Preview Content\"";
				DEVELOPMENT_TEAM = V74LCBV34W;
				ENABLE_PREVIEWS = YES;
				GENERATE_INFOPLIST_FILE = YES;
				INFOPLIST_KEY_UIApplicationSceneManifest_Generation = YES;
				INFOPLIST_KEY_UIApplicationSupportsIndirectInputEvents = YES;
				INFOPLIST_KEY_UILaunchScreen_Generation = YES;
				INFOPLIST_KEY_UISupportedInterfaceOrientations_iPad = "UIInterfaceOrientationPortrait UIInterfaceOrientationPortraitUpsideDown UIInterfaceOrientationLandscapeLeft UIInterfaceOrientationLandscapeRight";
				INFOPLIST_KEY_UISupportedInterfaceOrientations_iPhone = "UIInterfaceOrientationPortrait UIInterfaceOrientationLandscapeLeft UIInterfaceOrientationLandscapeRight";
				LD_RUNPATH_SEARCH_PATHS = (
					"$(inherited)",
					"@executable_path/Frameworks",
				);
				MARKETING_VERSION = 1.0;
				PRODUCT_BUNDLE_IDENTIFIER = com.rubngs.SetGame;
				PRODUCT_NAME = "$(TARGET_NAME)";
				SWIFT_EMIT_LOC_STRINGS = YES;
				SWIFT_VERSION = 5.0;
				TARGETED_DEVICE_FAMILY = "1,2";
			};
			name = Release;
		};
		4F911B802C5C02CE00EB7C7B /* Debug */ = {
			isa = XCBuildConfiguration;
			buildSettings = {
				ALWAYS_EMBED_SWIFT_STANDARD_LIBRARIES = YES;
				BUNDLE_LOADER = "$(TEST_HOST)";
				CODE_SIGN_STYLE = Automatic;
				CURRENT_PROJECT_VERSION = 1;
				DEVELOPMENT_TEAM = V74LCBV34W;
				GENERATE_INFOPLIST_FILE = YES;
				IPHONEOS_DEPLOYMENT_TARGET = 17.5;
				MARKETING_VERSION = 1.0;
				PRODUCT_BUNDLE_IDENTIFIER = com.rubngs.SetGameTests;
				PRODUCT_NAME = "$(TARGET_NAME)";
				SWIFT_EMIT_LOC_STRINGS = NO;
				SWIFT_VERSION = 5.0;
				TARGETED_DEVICE_FAMILY = "1,2";
				TEST_HOST = "$(BUILT_PRODUCTS_DIR)/SetGame.app/$(BUNDLE_EXECUTABLE_FOLDER_PATH)/SetGame";
			};
			name = Debug;
		};
		4F911B812C5C02CE00EB7C7B /* Release */ = {
			isa = XCBuildConfiguration;
			buildSettings = {
				ALWAYS_EMBED_SWIFT_STANDARD_LIBRARIES = YES;
				BUNDLE_LOADER = "$(TEST_HOST)";
				CODE_SIGN_STYLE = Automatic;
				CURRENT_PROJECT_VERSION = 1;
				DEVELOPMENT_TEAM = V74LCBV34W;
				GENERATE_INFOPLIST_FILE = YES;
				IPHONEOS_DEPLOYMENT_TARGET = 17.5;
				MARKETING_VERSION = 1.0;
				PRODUCT_BUNDLE_IDENTIFIER = com.rubngs.SetGameTests;
				PRODUCT_NAME = "$(TARGET_NAME)";
				SWIFT_EMIT_LOC_STRINGS = NO;
				SWIFT_VERSION = 5.0;
				TARGETED_DEVICE_FAMILY = "1,2";
				TEST_HOST = "$(BUILT_PRODUCTS_DIR)/SetGame.app/$(BUNDLE_EXECUTABLE_FOLDER_PATH)/SetGame";
			};
			name = Release;
		};
		4F911B832C5C02CE00EB7C7B /* Debug */ = {
			isa = XCBuildConfiguration;
			buildSettings = {
				ALWAYS_EMBED_SWIFT_STANDARD_LIBRARIES = YES;
				CODE_SIGN_STYLE = Automatic;
				CURRENT_PROJECT_VERSION = 1;
				DEVELOPMENT_TEAM = V74LCBV34W;
				GENERATE_INFOPLIST_FILE = YES;
				MARKETING_VERSION = 1.0;
				PRODUCT_BUNDLE_IDENTIFIER = com.rubngs.SetGameUITests;
				PRODUCT_NAME = "$(TARGET_NAME)";
				SWIFT_EMIT_LOC_STRINGS = NO;
				SWIFT_VERSION = 5.0;
				TARGETED_DEVICE_FAMILY = "1,2";
				TEST_TARGET_NAME = SetGame;
			};
			name = Debug;
		};
		4F911B842C5C02CE00EB7C7B /* Release */ = {
			isa = XCBuildConfiguration;
			buildSettings = {
				ALWAYS_EMBED_SWIFT_STANDARD_LIBRARIES = YES;
				CODE_SIGN_STYLE = Automatic;
				CURRENT_PROJECT_VERSION = 1;
				DEVELOPMENT_TEAM = V74LCBV34W;
				GENERATE_INFOPLIST_FILE = YES;
				MARKETING_VERSION = 1.0;
				PRODUCT_BUNDLE_IDENTIFIER = com.rubngs.SetGameUITests;
				PRODUCT_NAME = "$(TARGET_NAME)";
				SWIFT_EMIT_LOC_STRINGS = NO;
				SWIFT_VERSION = 5.0;
				TARGETED_DEVICE_FAMILY = "1,2";
				TEST_TARGET_NAME = SetGame;
			};
			name = Release;
		};
/* End XCBuildConfiguration section */

/* Begin XCConfigurationList section */
		4F911B532C5C02CC00EB7C7B /* Build configuration list for PBXProject "SetGame" */ = {
			isa = XCConfigurationList;
			buildConfigurations = (
				4F911B7A2C5C02CE00EB7C7B /* Debug */,
				4F911B7B2C5C02CE00EB7C7B /* Release */,
			);
			defaultConfigurationIsVisible = 0;
			defaultConfigurationName = Release;
		};
		4F911B7C2C5C02CE00EB7C7B /* Build configuration list for PBXNativeTarget "SetGame" */ = {
			isa = XCConfigurationList;
			buildConfigurations = (
				4F911B7D2C5C02CE00EB7C7B /* Debug */,
				4F911B7E2C5C02CE00EB7C7B /* Release */,
			);
			defaultConfigurationIsVisible = 0;
			defaultConfigurationName = Release;
		};
		4F911B7F2C5C02CE00EB7C7B /* Build configuration list for PBXNativeTarget "SetGameTests" */ = {
			isa = XCConfigurationList;
			buildConfigurations = (
				4F911B802C5C02CE00EB7C7B /* Debug */,
				4F911B812C5C02CE00EB7C7B /* Release */,
			);
			defaultConfigurationIsVisible = 0;
			defaultConfigurationName = Release;
		};
		4F911B822C5C02CE00EB7C7B /* Build configuration list for PBXNativeTarget "SetGameUITests" */ = {
			isa = XCConfigurationList;
			buildConfigurations = (
				4F911B832C5C02CE00EB7C7B /* Debug */,
				4F911B842C5C02CE00EB7C7B /* Release */,
			);
			defaultConfigurationIsVisible = 0;
			defaultConfigurationName = Release;
		};
/* End XCConfigurationList section */
	};
	rootObject = 4F911B502C5C02CC00EB7C7B /* Project object */;
}
